Microsoft Visual Studio Solution File, Format Version 12.00
# Visual Studio Version 17
VisualStudioVersion = 17.5.2.0
MinimumVisualStudioVersion = 10.0.40219.1
Project("{FAE04EC0-301F-11D3-BF4B-00C04F79EFBC}") = "SearchEngineWebAPI", "SearchEngineWebAPI.csproj", "{5F0E3678-A6CE-0D6A-1979-D79996D14320}"
EndProject
Global
	GlobalSection(SolutionConfigurationPlatforms) = preSolution
		Debug|Any CPU = Debug|Any CPU
		Release|Any CPU = Release|Any CPU
	EndGlobalSection
	GlobalSection(ProjectConfigurationPlatforms) = postSolution
		{5F0E3678-A6CE-0D6A-1979-D79996D14320}.Debug|Any CPU.ActiveCfg = Debug|Any CPU
		{5F0E3678-A6CE-0D6A-1979-D79996D14320}.Debug|Any CPU.Build.0 = Debug|Any CPU
		{5F0E3678-A6CE-0D6A-1979-D79996D14320}.Release|Any CPU.ActiveCfg = Release|Any CPU
		{5F0E3678-A6CE-0D6A-1979-D79996D14320}.Release|Any CPU.Build.0 = Release|Any CPU
	EndGlobalSection
	GlobalSection(SolutionProperties) = preSolution
		HideSolutionNode = FALSE
	EndGlobalSection
	GlobalSection(ExtensibilityGlobals) = postSolution
		SolutionGuid = {4EF2F2E9-EC93-4168-B5B4-81F3BFB2DF89}
	EndGlobalSection
EndGlobal
