Microsoft Visual Studio Solution File, Format Version 12.00
# Visual Studio Version 17
VisualStudioVersion = 17.5.2.0
MinimumVisualStudioVersion = 10.0.40219.1
Project("{FAE04EC0-301F-11D3-BF4B-00C04F79EFBC}") = "SearchEngineApp", "SearchEngineApp\SearchEngineApp.csproj", "{AA5CD3F6-3B43-DC50-496A-BF47FA48ED44}"
EndProject
Global
	GlobalSection(SolutionConfigurationPlatforms) = preSolution
		Debug|Any CPU = Debug|Any CPU
		Release|Any CPU = Release|Any CPU
	EndGlobalSection
	GlobalSection(ProjectConfigurationPlatforms) = postSolution
		{AA5CD3F6-3B43-DC50-496A-BF47FA48ED44}.Debug|Any CPU.ActiveCfg = Debug|Any CPU
		{AA5CD3F6-3B43-DC50-496A-BF47FA48ED44}.Debug|Any CPU.Build.0 = Debug|Any CPU
		{AA5CD3F6-3B43-DC50-496A-BF47FA48ED44}.Release|Any CPU.ActiveCfg = Release|Any CPU
		{AA5CD3F6-3B43-DC50-496A-BF47FA48ED44}.Release|Any CPU.Build.0 = Release|Any CPU
	EndGlobalSection
	GlobalSection(SolutionProperties) = preSolution
		HideSolutionNode = FALSE
	EndGlobalSection
	GlobalSection(ExtensibilityGlobals) = postSolution
		SolutionGuid = {02BBA1B6-E48F-44C3-9A1E-C2007798F37D}
	EndGlobalSection
EndGlobal
